
Microsoft Visual Studio Solution File, Format Version 12.00
# Visual Studio Version 17
VisualStudioVersion = 17.0.31903.59
MinimumVisualStudioVersion = 10.0.40219.1
Project("{9A19103F-16F7-4668-BE54-9A1E7A4F7556}") = "RegisterService", "RegisterService\RegisterService.csproj", "{C75ABBF3-14C9-4CFE-ABC4-B8B932EB4DC4}"
EndProject
Project("{9A19103F-16F7-4668-BE54-9A1E7A4F7556}") = "VitalService", "VitalService\VitalService.csproj", "{82576B28-AF98-44E8-BD17-1C385E122720}"
EndProject
Project("{FAE04EC0-301F-11D3-BF4B-00C04F79EFBC}") = "ConsultService", "ConsultService\ConsultService.csproj", "{ED680AB0-9FF9-4E47-997C-B7720FB20604}"
EndProject
Global
	GlobalSection(SolutionConfigurationPlatforms) = preSolution
		Debug|Any CPU = Debug|Any CPU
		Release|Any CPU = Release|Any CPU
	EndGlobalSection
	GlobalSection(ProjectConfigurationPlatforms) = postSolution
		{C75ABBF3-14C9-4CFE-ABC4-B8B932EB4DC4}.Debug|Any CPU.ActiveCfg = Debug|Any CPU
		{C75ABBF3-14C9-4CFE-ABC4-B8B932EB4DC4}.Debug|Any CPU.Build.0 = Debug|Any CPU
		{C75ABBF3-14C9-4CFE-ABC4-B8B932EB4DC4}.Release|Any CPU.ActiveCfg = Release|Any CPU
		{C75ABBF3-14C9-4CFE-ABC4-B8B932EB4DC4}.Release|Any CPU.Build.0 = Release|Any CPU
		{82576B28-AF98-44E8-BD17-1C385E122720}.Debug|Any CPU.ActiveCfg = Debug|Any CPU
		{82576B28-AF98-44E8-BD17-1C385E122720}.Debug|Any CPU.Build.0 = Debug|Any CPU
		{82576B28-AF98-44E8-BD17-1C385E122720}.Release|Any CPU.ActiveCfg = Release|Any CPU
		{82576B28-AF98-44E8-BD17-1C385E122720}.Release|Any CPU.Build.0 = Release|Any CPU
		{ED680AB0-9FF9-4E47-997C-B7720FB20604}.Debug|Any CPU.ActiveCfg = Debug|Any CPU
		{ED680AB0-9FF9-4E47-997C-B7720FB20604}.Debug|Any CPU.Build.0 = Debug|Any CPU
		{ED680AB0-9FF9-4E47-997C-B7720FB20604}.Release|Any CPU.ActiveCfg = Release|Any CPU
		{ED680AB0-9FF9-4E47-997C-B7720FB20604}.Release|Any CPU.Build.0 = Release|Any CPU
	EndGlobalSection
	GlobalSection(SolutionProperties) = preSolution
		HideSolutionNode = FALSE
	EndGlobalSection
EndGlobal
